// !$*UTF8*$!
{
	archiveVersion = 1;
	classes = {
	};
	objectVersion = 46;
	objects = {

/* Begin PBXBuildFile section */
		5C4794D1187D252D00D0FD89 /* Foundation.framework in Frameworks */ = {isa = PBXBuildFile; fileRef = 5C4794D0187D252D00D0FD89 /* Foundation.framework */; };
		5C4794D3187D252D00D0FD89 /* CoreGraphics.framework in Frameworks */ = {isa = PBXBuildFile; fileRef = 5C4794D2187D252D00D0FD89 /* CoreGraphics.framework */; };
		5C4794D5187D252D00D0FD89 /* UIKit.framework in Frameworks */ = {isa = PBXBuildFile; fileRef = 5C4794D4187D252D00D0FD89 /* UIKit.framework */; };
		5C4794DB187D252D00D0FD89 /* InfoPlist.strings in Resources */ = {isa = PBXBuildFile; fileRef = 5C4794D9187D252D00D0FD89 /* InfoPlist.strings */; };
		5C4794DD187D252D00D0FD89 /* main.m in Sources */ = {isa = PBXBuildFile; fileRef = 5C4794DC187D252D00D0FD89 /* main.m */; };
		5C4794E1187D252D00D0FD89 /* AppDelegate.m in Sources */ = {isa = PBXBuildFile; fileRef = 5C4794E0187D252D00D0FD89 /* AppDelegate.m */; };
		5C4794E4187D252D00D0FD89 /* Main_iPhone.storyboard in Resources */ = {isa = PBXBuildFile; fileRef = 5C4794E2187D252D00D0FD89 /* Main_iPhone.storyboard */; };
		5C4794E7187D252E00D0FD89 /* Main_iPad.storyboard in Resources */ = {isa = PBXBuildFile; fileRef = 5C4794E5187D252E00D0FD89 /* Main_iPad.storyboard */; };
		5C4794EA187D252E00D0FD89 /* ViewController.m in Sources */ = {isa = PBXBuildFile; fileRef = 5C4794E9187D252E00D0FD89 /* ViewController.m */; };
		5C4794EC187D252E00D0FD89 /* Images.xcassets in Resources */ = {isa = PBXBuildFile; fileRef = 5C4794EB187D252E00D0FD89 /* Images.xcassets */; };
		5C4794F3187D252E00D0FD89 /* XCTest.framework in Frameworks */ = {isa = PBXBuildFile; fileRef = 5C4794F2187D252E00D0FD89 /* XCTest.framework */; };
		5C4794F4187D252E00D0FD89 /* Foundation.framework in Frameworks */ = {isa = PBXBuildFile; fileRef = 5C4794D0187D252D00D0FD89 /* Foundation.framework */; };
		5C4794F5187D252E00D0FD89 /* UIKit.framework in Frameworks */ = {isa = PBXBuildFile; fileRef = 5C4794D4187D252D00D0FD89 /* UIKit.framework */; };
		5C4794FD187D252E00D0FD89 /* InfoPlist.strings in Resources */ = {isa = PBXBuildFile; fileRef = 5C4794FB187D252E00D0FD89 /* InfoPlist.strings */; };
		5C4794FF187D252E00D0FD89 /* demoAppTests.m in Sources */ = {isa = PBXBuildFile; fileRef = 5C4794FE187D252E00D0FD89 /* demoAppTests.m */; };
		5C47951C187DF4DB00D0FD89 /* BaseMage.m in Sources */ = {isa = PBXBuildFile; fileRef = 5C47951B187DF4DB00D0FD89 /* BaseMage.m */; };
		5C479528187E055000D0FD89 /* fireMage.m in Sources */ = {isa = PBXBuildFile; fileRef = 5C479527187E055000D0FD89 /* fireMage.m */; };
		5C47952B187E056100D0FD89 /* frostMage.m in Sources */ = {isa = PBXBuildFile; fileRef = 5C47952A187E056100D0FD89 /* frostMage.m */; };
		5C47952E187E056F00D0FD89 /* arcaneMage.m in Sources */ = {isa = PBXBuildFile; fileRef = 5C47952D187E056F00D0FD89 /* arcaneMage.m */; };
		5C479534187F6CFC00D0FD89 /* mageFactory.m in Sources */ = {isa = PBXBuildFile; fileRef = 5C479533187F6CFC00D0FD89 /* mageFactory.m */; };
/* End PBXBuildFile section */

/* Begin PBXContainerItemProxy section */
		5C4794F6187D252E00D0FD89 /* PBXContainerItemProxy */ = {
			isa = PBXContainerItemProxy;
			containerPortal = 5C4794C5187D252D00D0FD89 /* Project object */;
			proxyType = 1;
			remoteGlobalIDString = 5C4794CC187D252D00D0FD89;
			remoteInfo = demoApp;
		};
/* End PBXContainerItemProxy section */

/* Begin PBXFileReference section */
		5C4794CD187D252D00D0FD89 /* demoApp.app */ = {isa = PBXFileReference; explicitFileType = wrapper.application; includeInIndex = 0; path = demoApp.app; sourceTree = BUILT_PRODUCTS_DIR; };
		5C4794D0187D252D00D0FD89 /* Foundation.framework */ = {isa = PBXFileReference; lastKnownFileType = wrapper.framework; name = Foundation.framework; path = System/Library/Frameworks/Foundation.framework; sourceTree = SDKROOT; };
		5C4794D2187D252D00D0FD89 /* CoreGraphics.framework */ = {isa = PBXFileReference; lastKnownFileType = wrapper.framework; name = CoreGraphics.framework; path = System/Library/Frameworks/CoreGraphics.framework; sourceTree = SDKROOT; };
		5C4794D4187D252D00D0FD89 /* UIKit.framework */ = {isa = PBXFileReference; lastKnownFileType = wrapper.framework; name = UIKit.framework; path = System/Library/Frameworks/UIKit.framework; sourceTree = SDKROOT; };
		5C4794D8187D252D00D0FD89 /* demoApp-Info.plist */ = {isa = PBXFileReference; lastKnownFileType = text.plist.xml; path = "demoApp-Info.plist"; sourceTree = "<group>"; };
		5C4794DA187D252D00D0FD89 /* en */ = {isa = PBXFileReference; lastKnownFileType = text.plist.strings; name = en; path = en.lproj/InfoPlist.strings; sourceTree = "<group>"; };
		5C4794DC187D252D00D0FD89 /* main.m */ = {isa = PBXFileReference; lastKnownFileType = sourcecode.c.objc; path = main.m; sourceTree = "<group>"; };
		5C4794DE187D252D00D0FD89 /* demoApp-Prefix.pch */ = {isa = PBXFileReference; lastKnownFileType = sourcecode.c.h; path = "demoApp-Prefix.pch"; sourceTree = "<group>"; };
		5C4794DF187D252D00D0FD89 /* AppDelegate.h */ = {isa = PBXFileReference; lastKnownFileType = sourcecode.c.h; path = AppDelegate.h; sourceTree = "<group>"; };
		5C4794E0187D252D00D0FD89 /* AppDelegate.m */ = {isa = PBXFileReference; lastKnownFileType = sourcecode.c.objc; path = AppDelegate.m; sourceTree = "<group>"; };
		5C4794E3187D252D00D0FD89 /* Base */ = {isa = PBXFileReference; lastKnownFileType = file.storyboard; name = Base; path = Base.lproj/Main_iPhone.storyboard; sourceTree = "<group>"; };
		5C4794E6187D252E00D0FD89 /* Base */ = {isa = PBXFileReference; lastKnownFileType = file.storyboard; name = Base; path = Base.lproj/Main_iPad.storyboard; sourceTree = "<group>"; };
		5C4794E8187D252E00D0FD89 /* ViewController.h */ = {isa = PBXFileReference; lastKnownFileType = sourcecode.c.h; path = ViewController.h; sourceTree = "<group>"; };
		5C4794E9187D252E00D0FD89 /* ViewController.m */ = {isa = PBXFileReference; lastKnownFileType = sourcecode.c.objc; path = ViewController.m; sourceTree = "<group>"; };
		5C4794EB187D252E00D0FD89 /* Images.xcassets */ = {isa = PBXFileReference; lastKnownFileType = folder.assetcatalog; path = Images.xcassets; sourceTree = "<group>"; };
		5C4794F1187D252E00D0FD89 /* demoAppTests.xctest */ = {isa = PBXFileReference; explicitFileType = wrapper.cfbundle; includeInIndex = 0; path = demoAppTests.xctest; sourceTree = BUILT_PRODUCTS_DIR; };
		5C4794F2187D252E00D0FD89 /* XCTest.framework */ = {isa = PBXFileReference; lastKnownFileType = wrapper.framework; name = XCTest.framework; path = Library/Frameworks/XCTest.framework; sourceTree = DEVELOPER_DIR; };
		5C4794FA187D252E00D0FD89 /* demoAppTests-Info.plist */ = {isa = PBXFileReference; lastKnownFileType = text.plist.xml; path = "demoAppTests-Info.plist"; sourceTree = "<group>"; };
		5C4794FC187D252E00D0FD89 /* en */ = {isa = PBXFileReference; lastKnownFileType = text.plist.strings; name = en; path = en.lproj/InfoPlist.strings; sourceTree = "<group>"; };
		5C4794FE187D252E00D0FD89 /* demoAppTests.m */ = {isa = PBXFileReference; lastKnownFileType = sourcecode.c.objc; path = demoAppTests.m; sourceTree = "<group>"; };
		5C47951A187DF4DB00D0FD89 /* BaseMage.h */ = {isa = PBXFileReference; fileEncoding = 4; lastKnownFileType = sourcecode.c.h; path = BaseMage.h; sourceTree = "<group>"; };
		5C47951B187DF4DB00D0FD89 /* BaseMage.m */ = {isa = PBXFileReference; fileEncoding = 4; lastKnownFileType = sourcecode.c.objc; path = BaseMage.m; sourceTree = "<group>"; };
		5C479526187E055000D0FD89 /* fireMage.h */ = {isa = PBXFileReference; fileEncoding = 4; lastKnownFileType = sourcecode.c.h; path = fireMage.h; sourceTree = "<group>"; };
		5C479527187E055000D0FD89 /* fireMage.m */ = {isa = PBXFileReference; fileEncoding = 4; lastKnownFileType = sourcecode.c.objc; path = fireMage.m; sourceTree = "<group>"; };
		5C479529187E056100D0FD89 /* frostMage.h */ = {isa = PBXFileReference; fileEncoding = 4; lastKnownFileType = sourcecode.c.h; path = frostMage.h; sourceTree = "<group>"; };
		5C47952A187E056100D0FD89 /* frostMage.m */ = {isa = PBXFileReference; fileEncoding = 4; lastKnownFileType = sourcecode.c.objc; path = frostMage.m; sourceTree = "<group>"; };
		5C47952C187E056F00D0FD89 /* arcaneMage.h */ = {isa = PBXFileReference; fileEncoding = 4; lastKnownFileType = sourcecode.c.h; path = arcaneMage.h; sourceTree = "<group>"; };
		5C47952D187E056F00D0FD89 /* arcaneMage.m */ = {isa = PBXFileReference; fileEncoding = 4; lastKnownFileType = sourcecode.c.objc; path = arcaneMage.m; sourceTree = "<group>"; };
		5C479532187F6CFC00D0FD89 /* mageFactory.h */ = {isa = PBXFileReference; fileEncoding = 4; lastKnownFileType = sourcecode.c.h; path = mageFactory.h; sourceTree = "<group>"; };
		5C479533187F6CFC00D0FD89 /* mageFactory.m */ = {isa = PBXFileReference; fileEncoding = 4; lastKnownFileType = sourcecode.c.objc; path = mageFactory.m; sourceTree = "<group>"; };
/* End PBXFileReference section */

/* Begin PBXFrameworksBuildPhase section */
		5C4794CA187D252D00D0FD89 /* Frameworks */ = {
			isa = PBXFrameworksBuildPhase;
			buildActionMask = 2147483647;
			files = (
				5C4794D3187D252D00D0FD89 /* CoreGraphics.framework in Frameworks */,
				5C4794D5187D252D00D0FD89 /* UIKit.framework in Frameworks */,
				5C4794D1187D252D00D0FD89 /* Foundation.framework in Frameworks */,
			);
			runOnlyForDeploymentPostprocessing = 0;
		};
		5C4794EE187D252E00D0FD89 /* Frameworks */ = {
			isa = PBXFrameworksBuildPhase;
			buildActionMask = 2147483647;
			files = (
				5C4794F3187D252E00D0FD89 /* XCTest.framework in Frameworks */,
				5C4794F5187D252E00D0FD89 /* UIKit.framework in Frameworks */,
				5C4794F4187D252E00D0FD89 /* Foundation.framework in Frameworks */,
			);
			runOnlyForDeploymentPostprocessing = 0;
		};
/* End PBXFrameworksBuildPhase section */

/* Begin PBXGroup section */
		5C4794C4187D252D00D0FD89 = {
			isa = PBXGroup;
			children = (
				5C4794D6187D252D00D0FD89 /* demoApp */,
				5C4794F8187D252E00D0FD89 /* demoAppTests */,
				5C4794CF187D252D00D0FD89 /* Frameworks */,
				5C4794CE187D252D00D0FD89 /* Products */,
			);
			sourceTree = "<group>";
		};
		5C4794CE187D252D00D0FD89 /* Products */ = {
			isa = PBXGroup;
			children = (
				5C4794CD187D252D00D0FD89 /* demoApp.app */,
				5C4794F1187D252E00D0FD89 /* demoAppTests.xctest */,
			);
			name = Products;
			sourceTree = "<group>";
		};
		5C4794CF187D252D00D0FD89 /* Frameworks */ = {
			isa = PBXGroup;
			children = (
				5C4794D0187D252D00D0FD89 /* Foundation.framework */,
				5C4794D2187D252D00D0FD89 /* CoreGraphics.framework */,
				5C4794D4187D252D00D0FD89 /* UIKit.framework */,
				5C4794F2187D252E00D0FD89 /* XCTest.framework */,
			);
			name = Frameworks;
			sourceTree = "<group>";
		};
		5C4794D6187D252D00D0FD89 /* demoApp */ = {
			isa = PBXGroup;
			children = (
				5C4794DF187D252D00D0FD89 /* AppDelegate.h */,
				5C4794E0187D252D00D0FD89 /* AppDelegate.m */,
				5C4794E2187D252D00D0FD89 /* Main_iPhone.storyboard */,
				5C4794E5187D252E00D0FD89 /* Main_iPad.storyboard */,
				5C4794E8187D252E00D0FD89 /* ViewController.h */,
				5C4794E9187D252E00D0FD89 /* ViewController.m */,
				5C4794EB187D252E00D0FD89 /* Images.xcassets */,
				5C4794D7187D252D00D0FD89 /* Supporting Files */,
				5C47951A187DF4DB00D0FD89 /* BaseMage.h */,
				5C47951B187DF4DB00D0FD89 /* BaseMage.m */,
				5C479526187E055000D0FD89 /* fireMage.h */,
				5C479527187E055000D0FD89 /* fireMage.m */,
				5C479529187E056100D0FD89 /* frostMage.h */,
				5C47952A187E056100D0FD89 /* frostMage.m */,
				5C47952C187E056F00D0FD89 /* arcaneMage.h */,
				5C47952D187E056F00D0FD89 /* arcaneMage.m */,
				5C479532187F6CFC00D0FD89 /* mageFactory.h */,
				5C479533187F6CFC00D0FD89 /* mageFactory.m */,
			);
			path = demoApp;
			sourceTree = "<group>";
		};
		5C4794D7187D252D00D0FD89 /* Supporting Files */ = {
			isa = PBXGroup;
			children = (
				5C4794D8187D252D00D0FD89 /* demoApp-Info.plist */,
				5C4794D9187D252D00D0FD89 /* InfoPlist.strings */,
				5C4794DC187D252D00D0FD89 /* main.m */,
				5C4794DE187D252D00D0FD89 /* demoApp-Prefix.pch */,
			);
			name = "Supporting Files";
			sourceTree = "<group>";
		};
		5C4794F8187D252E00D0FD89 /* demoAppTests */ = {
			isa = PBXGroup;
			children = (
				5C4794FE187D252E00D0FD89 /* demoAppTests.m */,
				5C4794F9187D252E00D0FD89 /* Supporting Files */,
			);
			path = demoAppTests;
			sourceTree = "<group>";
		};
		5C4794F9187D252E00D0FD89 /* Supporting Files */ = {
			isa = PBXGroup;
			children = (
				5C4794FA187D252E00D0FD89 /* demoAppTests-Info.plist */,
				5C4794FB187D252E00D0FD89 /* InfoPlist.strings */,
			);
			name = "Supporting Files";
			sourceTree = "<group>";
		};
/* End PBXGroup section */

/* Begin PBXNativeTarget section */
		5C4794CC187D252D00D0FD89 /* demoApp */ = {
			isa = PBXNativeTarget;
			buildConfigurationList = 5C479502187D252E00D0FD89 /* Build configuration list for PBXNativeTarget "demoApp" */;
			buildPhases = (
				5C4794C9187D252D00D0FD89 /* Sources */,
				5C4794CA187D252D00D0FD89 /* Frameworks */,
				5C4794CB187D252D00D0FD89 /* Resources */,
			);
			buildRules = (
			);
			dependencies = (
			);
			name = demoApp;
			productName = demoApp;
			productReference = 5C4794CD187D252D00D0FD89 /* demoApp.app */;
			productType = "com.apple.product-type.application";
		};
		5C4794F0187D252E00D0FD89 /* demoAppTests */ = {
			isa = PBXNativeTarget;
			buildConfigurationList = 5C479505187D252E00D0FD89 /* Build configuration list for PBXNativeTarget "demoAppTests" */;
			buildPhases = (
				5C4794ED187D252E00D0FD89 /* Sources */,
				5C4794EE187D252E00D0FD89 /* Frameworks */,
				5C4794EF187D252E00D0FD89 /* Resources */,
			);
			buildRules = (
			);
			dependencies = (
				5C4794F7187D252E00D0FD89 /* PBXTargetDependency */,
			);
			name = demoAppTests;
			productName = demoAppTests;
			productReference = 5C4794F1187D252E00D0FD89 /* demoAppTests.xctest */;
			productType = "com.apple.product-type.bundle.unit-test";
		};
/* End PBXNativeTarget section */

/* Begin PBXProject section */
		5C4794C5187D252D00D0FD89 /* Project object */ = {
			isa = PBXProject;
			attributes = {
				LastUpgradeCheck = 0500;
				ORGANIZATIONNAME = "nathan byarley";
				TargetAttributes = {
					5C4794F0187D252E00D0FD89 = {
						TestTargetID = 5C4794CC187D252D00D0FD89;
					};
				};
			};
			buildConfigurationList = 5C4794C8187D252D00D0FD89 /* Build configuration list for PBXProject "demoApp" */;
			compatibilityVersion = "Xcode 3.2";
			developmentRegion = English;
			hasScannedForEncodings = 0;
			knownRegions = (
				en,
				Base,
			);
			mainGroup = 5C4794C4187D252D00D0FD89;
			productRefGroup = 5C4794CE187D252D00D0FD89 /* Products */;
			projectDirPath = "";
			projectRoot = "";
			targets = (
				5C4794CC187D252D00D0FD89 /* demoApp */,
				5C4794F0187D252E00D0FD89 /* demoAppTests */,
			);
		};
/* End PBXProject section */

/* Begin PBXResourcesBuildPhase section */
		5C4794CB187D252D00D0FD89 /* Resources */ = {
			isa = PBXResourcesBuildPhase;
			buildActionMask = 2147483647;
			files = (
				5C4794E7187D252E00D0FD89 /* Main_iPad.storyboard in Resources */,
				5C4794EC187D252E00D0FD89 /* Images.xcassets in Resources */,
				5C4794E4187D252D00D0FD89 /* Main_iPhone.storyboard in Resources */,
				5C4794DB187D252D00D0FD89 /* InfoPlist.strings in Resources */,
			);
			runOnlyForDeploymentPostprocessing = 0;
		};
		5C4794EF187D252E00D0FD89 /* Resources */ = {
			isa = PBXResourcesBuildPhase;
			buildActionMask = 2147483647;
			files = (
				5C4794FD187D252E00D0FD89 /* InfoPlist.strings in Resources */,
			);
			runOnlyForDeploymentPostprocessing = 0;
		};
/* End PBXResourcesBuildPhase section */

/* Begin PBXSourcesBuildPhase section */
		5C4794C9187D252D00D0FD89 /* Sources */ = {
			isa = PBXSourcesBuildPhase;
			buildActionMask = 2147483647;
			files = (
				5C47952B187E056100D0FD89 /* frostMage.m in Sources */,
				5C4794EA187D252E00D0FD89 /* ViewController.m in Sources */,
				5C479534187F6CFC00D0FD89 /* mageFactory.m in Sources */,
				5C4794E1187D252D00D0FD89 /* AppDelegate.m in Sources */,
				5C479528187E055000D0FD89 /* fireMage.m in Sources */,
				5C47952E187E056F00D0FD89 /* arcaneMage.m in Sources */,
				5C47951C187DF4DB00D0FD89 /* BaseMage.m in Sources */,
				5C4794DD187D252D00D0FD89 /* main.m in Sources */,
			);
			runOnlyForDeploymentPostprocessing = 0;
		};
		5C4794ED187D252E00D0FD89 /* Sources */ = {
			isa = PBXSourcesBuildPhase;
			buildActionMask = 2147483647;
			files = (
				5C4794FF187D252E00D0FD89 /* demoAppTests.m in Sources */,
			);
			runOnlyForDeploymentPostprocessing = 0;
		};
/* End PBXSourcesBuildPhase section */

/* Begin PBXTargetDependency section */
		5C4794F7187D252E00D0FD89 /* PBXTargetDependency */ = {
			isa = PBXTargetDependency;
			target = 5C4794CC187D252D00D0FD89 /* demoApp */;
			targetProxy = 5C4794F6187D252E00D0FD89 /* PBXContainerItemProxy */;
		};
/* End PBXTargetDependency section */

/* Begin PBXVariantGroup section */
		5C4794D9187D252D00D0FD89 /* InfoPlist.strings */ = {
			isa = PBXVariantGroup;
			children = (
				5C4794DA187D252D00D0FD89 /* en */,
			);
			name = InfoPlist.strings;
			sourceTree = "<group>";
		};
		5C4794E2187D252D00D0FD89 /* Main_iPhone.storyboard */ = {
			isa = PBXVariantGroup;
			children = (
				5C4794E3187D252D00D0FD89 /* Base */,
			);
			name = Main_iPhone.storyboard;
			sourceTree = "<group>";
		};
		5C4794E5187D252E00D0FD89 /* Main_iPad.storyboard */ = {
			isa = PBXVariantGroup;
			children = (
				5C4794E6187D252E00D0FD89 /* Base */,
			);
			name = Main_iPad.storyboard;
			sourceTree = "<group>";
		};
		5C4794FB187D252E00D0FD89 /* InfoPlist.strings */ = {
			isa = PBXVariantGroup;
			children = (
				5C4794FC187D252E00D0FD89 /* en */,
			);
			name = InfoPlist.strings;
			sourceTree = "<group>";
		};
/* End PBXVariantGroup section */

/* Begin XCBuildConfiguration section */
		5C479500187D252E00D0FD89 /* Debug */ = {
			isa = XCBuildConfiguration;
			buildSettings = {
				ALWAYS_SEARCH_USER_PATHS = NO;
				ARCHS = "$(ARCHS_STANDARD_INCLUDING_64_BIT)";
				CLANG_CXX_LANGUAGE_STANDARD = "gnu++0x";
				CLANG_CXX_LIBRARY = "libc++";
				CLANG_ENABLE_MODULES = YES;
				CLANG_ENABLE_OBJC_ARC = YES;
				CLANG_WARN_BOOL_CONVERSION = YES;
				CLANG_WARN_CONSTANT_CONVERSION = YES;
				CLANG_WARN_DIRECT_OBJC_ISA_USAGE = YES_ERROR;
				CLANG_WARN_EMPTY_BODY = YES;
				CLANG_WARN_ENUM_CONVERSION = YES;
				CLANG_WARN_INT_CONVERSION = YES;
				CLANG_WARN_OBJC_ROOT_CLASS = YES_ERROR;
				CLANG_WARN__DUPLICATE_METHOD_MATCH = YES;
				"CODE_SIGN_IDENTITY[sdk=iphoneos*]" = "iPhone Developer";
				COPY_PHASE_STRIP = NO;
				GCC_C_LANGUAGE_STANDARD = gnu99;
				GCC_DYNAMIC_NO_PIC = NO;
				GCC_OPTIMIZATION_LEVEL = 0;
				GCC_PREPROCESSOR_DEFINITIONS = (
					"DEBUG=1",
					"$(inherited)",
				);
				GCC_SYMBOLS_PRIVATE_EXTERN = NO;
				GCC_WARN_64_TO_32_BIT_CONVERSION = YES;
				GCC_WARN_ABOUT_RETURN_TYPE = YES_ERROR;
				GCC_WARN_UNDECLARED_SELECTOR = YES;
				GCC_WARN_UNINITIALIZED_AUTOS = YES;
				GCC_WARN_UNUSED_FUNCTION = YES;
				GCC_WARN_UNUSED_VARIABLE = YES;
				IPHONEOS_DEPLOYMENT_TARGET = 7.0;
				ONLY_ACTIVE_ARCH = YES;
				SDKROOT = iphoneos;
				TARGETED_DEVICE_FAMILY = "1,2";
			};
			name = Debug;
		};
		5C479501187D252E00D0FD89 /* Release */ = {
			isa = XCBuildConfiguration;
			buildSettings = {
				ALWAYS_SEARCH_USER_PATHS = NO;
				ARCHS = "$(ARCHS_STANDARD_INCLUDING_64_BIT)";
				CLANG_CXX_LANGUAGE_STANDARD = "gnu++0x";
				CLANG_CXX_LIBRARY = "libc++";
				CLANG_ENABLE_MODULES = YES;
				CLANG_ENABLE_OBJC_ARC = YES;
				CLANG_WARN_BOOL_CONVERSION = YES;
				CLANG_WARN_CONSTANT_CONVERSION = YES;
				CLANG_WARN_DIRECT_OBJC_ISA_USAGE = YES_ERROR;
				CLANG_WARN_EMPTY_BODY = YES;
				CLANG_WARN_ENUM_CONVERSION = YES;
				CLANG_WARN_INT_CONVERSION = YES;
				CLANG_WARN_OBJC_ROOT_CLASS = YES_ERROR;
				CLANG_WARN__DUPLICATE_METHOD_MATCH = YES;
				"CODE_SIGN_IDENTITY[sdk=iphoneos*]" = "iPhone Developer";
				COPY_PHASE_STRIP = YES;
				ENABLE_NS_ASSERTIONS = NO;
				GCC_C_LANGUAGE_STANDARD = gnu99;
				GCC_WARN_64_TO_32_BIT_CONVERSION = YES;
				GCC_WARN_ABOUT_RETURN_TYPE = YES_ERROR;
				GCC_WARN_UNDECLARED_SELECTOR = YES;
				GCC_WARN_UNINITIALIZED_AUTOS = YES;
				GCC_WARN_UNUSED_FUNCTION = YES;
				GCC_WARN_UNUSED_VARIABLE = YES;
				IPHONEOS_DEPLOYMENT_TARGET = 7.0;
				SDKROOT = iphoneos;
				TARGETED_DEVICE_FAMILY = "1,2";
				VALIDATE_PRODUCT = YES;
			};
			name = Release;
		};
		5C479503187D252E00D0FD89 /* Debug */ = {
			isa = XCBuildConfiguration;
			buildSettings = {
				ASSETCATALOG_COMPILER_APPICON_NAME = AppIcon;
				ASSETCATALOG_COMPILER_LAUNCHIMAGE_NAME = LaunchImage;
				GCC_PRECOMPILE_PREFIX_HEADER = YES;
				GCC_PREFIX_HEADER = "demoApp/demoApp-Prefix.pch";
				INFOPLIST_FILE = "demoApp/demoApp-Info.plist";
				PRODUCT_NAME = "$(TARGET_NAME)";
				WRAPPER_EXTENSION = app;
			};
			name = Debug;
		};
		5C479504187D252E00D0FD89 /* Release */ = {
			isa = XCBuildConfiguration;
			buildSettings = {
				ASSETCATALOG_COMPILER_APPICON_NAME = AppIcon;
				ASSETCATALOG_COMPILER_LAUNCHIMAGE_NAME = LaunchImage;
				GCC_PRECOMPILE_PREFIX_HEADER = YES;
				GCC_PREFIX_HEADER = "demoApp/demoApp-Prefix.pch";
				INFOPLIST_FILE = "demoApp/demoApp-Info.plist";
				PRODUCT_NAME = "$(TARGET_NAME)";
				WRAPPER_EXTENSION = app;
			};
			name = Release;
		};
		5C479506187D252E00D0FD89 /* Debug */ = {
			isa = XCBuildConfiguration;
			buildSettings = {
				ARCHS = "$(ARCHS_STANDARD_INCLUDING_64_BIT)";
				BUNDLE_LOADER = "$(BUILT_PRODUCTS_DIR)/demoApp.app/demoApp";
				FRAMEWORK_SEARCH_PATHS = (
					"$(SDKROOT)/Developer/Library/Frameworks",
					"$(inherited)",
					"$(DEVELOPER_FRAMEWORKS_DIR)",
				);
				GCC_PRECOMPILE_PREFIX_HEADER = YES;
				GCC_PREFIX_HEADER = "demoApp/demoApp-Prefix.pch";
				GCC_PREPROCESSOR_DEFINITIONS = (
					"DEBUG=1",
					"$(inherited)",
				);
				INFOPLIST_FILE = "demoAppTests/demoAppTests-Info.plist";
				PRODUCT_NAME = "$(TARGET_NAME)";
				TEST_HOST = "$(BUNDLE_LOADER)";
				WRAPPER_EXTENSION = xctest;
			};
			name = Debug;
		};
		5C479507187D252E00D0FD89 /* Release */ = {
			isa = XCBuildConfiguration;
			buildSettings = {
				ARCHS = "$(ARCHS_STANDARD_INCLUDING_64_BIT)";
				BUNDLE_LOADER = "$(BUILT_PRODUCTS_DIR)/demoApp.app/demoApp";
				FRAMEWORK_SEARCH_PATHS = (
					"$(SDKROOT)/Developer/Library/Frameworks",
					"$(inherited)",
					"$(DEVELOPER_FRAMEWORKS_DIR)",
				);
				GCC_PRECOMPILE_PREFIX_HEADER = YES;
				GCC_PREFIX_HEADER = "demoApp/demoApp-Prefix.pch";
				INFOPLIST_FILE = "demoAppTests/demoAppTests-Info.plist";
				PRODUCT_NAME = "$(TARGET_NAME)";
				TEST_HOST = "$(BUNDLE_LOADER)";
				WRAPPER_EXTENSION = xctest;
			};
			name = Release;
		};
/* End XCBuildConfiguration section */

/* Begin XCConfigurationList section */
		5C4794C8187D252D00D0FD89 /* Build configuration list for PBXProject "demoApp" */ = {
			isa = XCConfigurationList;
			buildConfigurations = (
				5C479500187D252E00D0FD89 /* Debug */,
				5C479501187D252E00D0FD89 /* Release */,
			);
			defaultConfigurationIsVisible = 0;
			defaultConfigurationName = Release;
		};
		5C479502187D252E00D0FD89 /* Build configuration list for PBXNativeTarget "demoApp" */ = {
			isa = XCConfigurationList;
			buildConfigurations = (
				5C479503187D252E00D0FD89 /* Debug */,
				5C479504187D252E00D0FD89 /* Release */,
			);
			defaultConfigurationIsVisible = 0;
			defaultConfigurationName = Release;
		};
		5C479505187D252E00D0FD89 /* Build configuration list for PBXNativeTarget "demoAppTests" */ = {
			isa = XCConfigurationList;
			buildConfigurations = (
				5C479506187D252E00D0FD89 /* Debug */,
				5C479507187D252E00D0FD89 /* Release */,
			);
			defaultConfigurationIsVisible = 0;
			defaultConfigurationName = Release;
		};
/* End XCConfigurationList section */
	};
	rootObject = 5C4794C5187D252D00D0FD89 /* Project object */;
}
